{
    "requires": true,
    "lockfileVersion": 1,
    "dependencies": {
        "mdbootstrap": {
            "version": "4.12.0",
            "resolved": "https://registry.npmjs.org/mdbootstrap/-/mdbootstrap-4.12.0.tgz",
            "integrity": "sha512-+X4x63tE96zpVOcRlVUGdcR65M9Ud+/l1TvdmcwUjEGo3ktn9TO3e6S3DBLTvchO9U5eKuJh/MIWIGac7+569g=="
        }
    }
}
